
Microsoft Visual Studio Solution File, Format Version 12.00
# Visual Studio Version 16
VisualStudioVersion = 16.0.29613.14
MinimumVisualStudioVersion = 10.0.40219.1
Project("{FAE04EC0-301F-11D3-BF4B-00C04F79EFBC}") = "DZ1", "DZ1\DZ1.csproj", "{EB74A665-AE2D-4078-ACF7-627F892D3E1A}"
EndProject
Global
	GlobalSection(SolutionConfigurationPlatforms) = preSolution
		Debug|Any CPU = Debug|Any CPU
		Release|Any CPU = Release|Any CPU
	EndGlobalSection
	GlobalSection(ProjectConfigurationPlatforms) = postSolution
		{EB74A665-AE2D-4078-ACF7-627F892D3E1A}.Debug|Any CPU.ActiveCfg = Debug|Any CPU
		{EB74A665-AE2D-4078-ACF7-627F892D3E1A}.Debug|Any CPU.Build.0 = Debug|Any CPU
		{EB74A665-AE2D-4078-ACF7-627F892D3E1A}.Release|Any CPU.ActiveCfg = Release|Any CPU
		{EB74A665-AE2D-4078-ACF7-627F892D3E1A}.Release|Any CPU.Build.0 = Release|Any CPU
	EndGlobalSection
	GlobalSection(SolutionProperties) = preSolution
		HideSolutionNode = FALSE
	EndGlobalSection
	GlobalSection(ExtensibilityGlobals) = postSolution
		SolutionGuid = {5512CE72-253F-4B78-8814-53CE2C62E21A}
	EndGlobalSection
EndGlobal
